
Microsoft Visual Studio Solution File, Format Version 12.00
# Visual Studio Version 16
VisualStudioVersion = 16.0.29215.179
MinimumVisualStudioVersion = 10.0.40219.1
Project("{FAE04EC0-301F-11D3-BF4B-00C04F79EFBC}") = "FdoToolbox.Base", "FdoToolbox.Base\FdoToolbox.Base.csproj", "{9A3DA959-2B7E-4407-9DF8-DA56178D211A}"
EndProject
Project("{FAE04EC0-301F-11D3-BF4B-00C04F79EFBC}") = "FdoToolbox.Core", "FdoToolbox.Core\FdoToolbox.Core.csproj", "{6AAE821C-D27F-47D2-8F1B-D748AF145B0A}"
EndProject
Project("{FAE04EC0-301F-11D3-BF4B-00C04F79EFBC}") = "FdoToolbox", "FdoToolbox\FdoToolbox.csproj", "{D2A74ED5-440A-4276-99D0-8837CB924311}"
EndProject
Project("{FAE04EC0-301F-11D3-BF4B-00C04F79EFBC}") = "FdoToolbox.Express", "FdoToolbox.Express\FdoToolbox.Express.csproj", "{282A4797-CC1B-40F7-A9D8-12249F10FD48}"
EndProject
Project("{FAE04EC0-301F-11D3-BF4B-00C04F79EFBC}") = "FdoToolbox.AddInManager", "FdoToolbox.AddInManager\FdoToolbox.AddInManager.csproj", "{5329A30E-63A8-4D4F-932C-986BF7407877}"
EndProject
Project("{FAE04EC0-301F-11D3-BF4B-00C04F79EFBC}") = "FdoToolbox.Tasks", "FdoToolbox.Tasks\FdoToolbox.Tasks.csproj", "{0CE1A585-2239-4D1A-A596-8BC12B8F7875}"
EndProject
Project("{FAE04EC0-301F-11D3-BF4B-00C04F79EFBC}") = "ICSharpCode.Core", "Thirdparty\SharpDevelop\ICSharpCode.Core\ICSharpCode.Core.csproj", "{35CEF10F-2D4C-45F2-9DD1-161E0FEC583C}"
EndProject
Project("{FAE04EC0-301F-11D3-BF4B-00C04F79EFBC}") = "ICSharpCode.TextEditor", "Thirdparty\SharpDevelop\ICSharpCode.TextEditor\Project\ICSharpCode.TextEditor.csproj", "{2D18BE89-D210-49EB-A9DD-2246FBB3DF6D}"
EndProject
Project("{FAE04EC0-301F-11D3-BF4B-00C04F79EFBC}") = "SharpMap", "Thirdparty\SharpMap\SharpMap\SharpMap.csproj", "{C83777FC-AABB-47D9-911F-D76255D4D541}"
EndProject
Project("{FAE04EC0-301F-11D3-BF4B-00C04F79EFBC}") = "SharpMap.UI", "Thirdparty\SharpMap\SharpMap.UI\SharpMap.UI.csproj", "{DD1CC1DB-4BF9-4C88-A100-733D84795F3A}"
EndProject
Project("{FAE04EC0-301F-11D3-BF4B-00C04F79EFBC}") = "FdoToolbox.Core.Tests", "FdoToolbox.Core.Tests\FdoToolbox.Core.Tests.csproj", "{A4AEC2DB-276F-4814-8D5D-E8101187E9D1}"
EndProject
Project("{FAE04EC0-301F-11D3-BF4B-00C04F79EFBC}") = "FdoToolbox.Raster", "FdoToolbox.Raster\FdoToolbox.Raster.csproj", "{C6D1F465-958B-4C6A-8514-1E413B81A18E}"
EndProject
Project("{FAE04EC0-301F-11D3-BF4B-00C04F79EFBC}") = "FdoToolbox.DataStoreManager", "FdoToolbox.DataStoreManager\FdoToolbox.DataStoreManager.csproj", "{9EE614F6-AE3F-499D-8A5F-7C87C62654AA}"
EndProject
Project("{FAE04EC0-301F-11D3-BF4B-00C04F79EFBC}") = "FdoCmd", "FdoCmd\FdoCmd.csproj", "{2502D00B-4561-493C-8CD9-1C93984D99F8}"
EndProject
Global
	GlobalSection(SolutionConfigurationPlatforms) = preSolution
		Debug|x64 = Debug|x64
		Release|x64 = Release|x64
	EndGlobalSection
	GlobalSection(ProjectConfigurationPlatforms) = postSolution
		{9A3DA959-2B7E-4407-9DF8-DA56178D211A}.Debug|x64.ActiveCfg = Debug|x64
		{9A3DA959-2B7E-4407-9DF8-DA56178D211A}.Debug|x64.Build.0 = Debug|x64
		{9A3DA959-2B7E-4407-9DF8-DA56178D211A}.Release|x64.ActiveCfg = Release|x64
		{9A3DA959-2B7E-4407-9DF8-DA56178D211A}.Release|x64.Build.0 = Release|x64
		{6AAE821C-D27F-47D2-8F1B-D748AF145B0A}.Debug|x64.ActiveCfg = Debug|x64
		{6AAE821C-D27F-47D2-8F1B-D748AF145B0A}.Debug|x64.Build.0 = Debug|x64
		{6AAE821C-D27F-47D2-8F1B-D748AF145B0A}.Release|x64.ActiveCfg = Release|x64
		{6AAE821C-D27F-47D2-8F1B-D748AF145B0A}.Release|x64.Build.0 = Release|x64
		{D2A74ED5-440A-4276-99D0-8837CB924311}.Debug|x64.ActiveCfg = Debug|x64
		{D2A74ED5-440A-4276-99D0-8837CB924311}.Debug|x64.Build.0 = Debug|x64
		{D2A74ED5-440A-4276-99D0-8837CB924311}.Release|x64.ActiveCfg = Release|x64
		{D2A74ED5-440A-4276-99D0-8837CB924311}.Release|x64.Build.0 = Release|x64
		{282A4797-CC1B-40F7-A9D8-12249F10FD48}.Debug|x64.ActiveCfg = Debug|x64
		{282A4797-CC1B-40F7-A9D8-12249F10FD48}.Debug|x64.Build.0 = Debug|x64
		{282A4797-CC1B-40F7-A9D8-12249F10FD48}.Release|x64.ActiveCfg = Release|x64
		{282A4797-CC1B-40F7-A9D8-12249F10FD48}.Release|x64.Build.0 = Release|x64
		{5329A30E-63A8-4D4F-932C-986BF7407877}.Debug|x64.ActiveCfg = Debug|x64
		{5329A30E-63A8-4D4F-932C-986BF7407877}.Debug|x64.Build.0 = Debug|x64
		{5329A30E-63A8-4D4F-932C-986BF7407877}.Release|x64.ActiveCfg = Release|x64
		{5329A30E-63A8-4D4F-932C-986BF7407877}.Release|x64.Build.0 = Release|x64
		{0CE1A585-2239-4D1A-A596-8BC12B8F7875}.Debug|x64.ActiveCfg = Debug|x64
		{0CE1A585-2239-4D1A-A596-8BC12B8F7875}.Debug|x64.Build.0 = Debug|x64
		{0CE1A585-2239-4D1A-A596-8BC12B8F7875}.Release|x64.ActiveCfg = Release|x64
		{0CE1A585-2239-4D1A-A596-8BC12B8F7875}.Release|x64.Build.0 = Release|x64
		{35CEF10F-2D4C-45F2-9DD1-161E0FEC583C}.Debug|x64.ActiveCfg = Debug|Any CPU
		{35CEF10F-2D4C-45F2-9DD1-161E0FEC583C}.Debug|x64.Build.0 = Debug|Any CPU
		{35CEF10F-2D4C-45F2-9DD1-161E0FEC583C}.Release|x64.ActiveCfg = Release|Any CPU
		{35CEF10F-2D4C-45F2-9DD1-161E0FEC583C}.Release|x64.Build.0 = Release|Any CPU
		{2D18BE89-D210-49EB-A9DD-2246FBB3DF6D}.Debug|x64.ActiveCfg = Debug|Any CPU
		{2D18BE89-D210-49EB-A9DD-2246FBB3DF6D}.Debug|x64.Build.0 = Debug|Any CPU
		{2D18BE89-D210-49EB-A9DD-2246FBB3DF6D}.Release|x64.ActiveCfg = Release|Any CPU
		{2D18BE89-D210-49EB-A9DD-2246FBB3DF6D}.Release|x64.Build.0 = Release|Any CPU
		{C83777FC-AABB-47D9-911F-D76255D4D541}.Debug|x64.ActiveCfg = Debug|Any CPU
		{C83777FC-AABB-47D9-911F-D76255D4D541}.Debug|x64.Build.0 = Debug|Any CPU
		{C83777FC-AABB-47D9-911F-D76255D4D541}.Release|x64.ActiveCfg = Release|Any CPU
		{C83777FC-AABB-47D9-911F-D76255D4D541}.Release|x64.Build.0 = Release|Any CPU
		{DD1CC1DB-4BF9-4C88-A100-733D84795F3A}.Debug|x64.ActiveCfg = Debug|Any CPU
		{DD1CC1DB-4BF9-4C88-A100-733D84795F3A}.Debug|x64.Build.0 = Debug|Any CPU
		{DD1CC1DB-4BF9-4C88-A100-733D84795F3A}.Release|x64.ActiveCfg = Release|Any CPU
		{DD1CC1DB-4BF9-4C88-A100-733D84795F3A}.Release|x64.Build.0 = Release|Any CPU
		{A4AEC2DB-276F-4814-8D5D-E8101187E9D1}.Debug|x64.ActiveCfg = Debug|x64
		{A4AEC2DB-276F-4814-8D5D-E8101187E9D1}.Debug|x64.Build.0 = Debug|x64
		{A4AEC2DB-276F-4814-8D5D-E8101187E9D1}.Release|x64.ActiveCfg = Release|x64
		{A4AEC2DB-276F-4814-8D5D-E8101187E9D1}.Release|x64.Build.0 = Release|x64
		{C6D1F465-958B-4C6A-8514-1E413B81A18E}.Debug|x64.ActiveCfg = Debug|x64
		{C6D1F465-958B-4C6A-8514-1E413B81A18E}.Debug|x64.Build.0 = Debug|x64
		{C6D1F465-958B-4C6A-8514-1E413B81A18E}.Release|x64.ActiveCfg = Release|x64
		{C6D1F465-958B-4C6A-8514-1E413B81A18E}.Release|x64.Build.0 = Release|x64
		{9EE614F6-AE3F-499D-8A5F-7C87C62654AA}.Debug|x64.ActiveCfg = Debug|x64
		{9EE614F6-AE3F-499D-8A5F-7C87C62654AA}.Debug|x64.Build.0 = Debug|x64
		{9EE614F6-AE3F-499D-8A5F-7C87C62654AA}.Release|x64.ActiveCfg = Release|x64
		{9EE614F6-AE3F-499D-8A5F-7C87C62654AA}.Release|x64.Build.0 = Release|x64
		{2502D00B-4561-493C-8CD9-1C93984D99F8}.Debug|x64.ActiveCfg = Debug|x64
		{2502D00B-4561-493C-8CD9-1C93984D99F8}.Debug|x64.Build.0 = Debug|x64
		{2502D00B-4561-493C-8CD9-1C93984D99F8}.Release|x64.ActiveCfg = Release|Any CPU
		{2502D00B-4561-493C-8CD9-1C93984D99F8}.Release|x64.Build.0 = Release|Any CPU
	EndGlobalSection
	GlobalSection(SolutionProperties) = preSolution
		HideSolutionNode = FALSE
	EndGlobalSection
	GlobalSection(ExtensibilityGlobals) = postSolution
		SolutionGuid = {87C53788-F8B1-478A-9943-5E643C3B88B7}
	EndGlobalSection
	GlobalSection(TextTemplating) = postSolution
		TextTemplating = 1
	EndGlobalSection
EndGlobal
