
Microsoft Visual Studio Solution File, Format Version 12.00
# Visual Studio Version 16
VisualStudioVersion = 16.0.29215.179
MinimumVisualStudioVersion = 10.0.40219.1
Project("{FAE04EC0-301F-11D3-BF4B-00C04F79EFBC}") = "ICSharpCode.Core", "Thirdparty\SharpDevelop\ICSharpCode.Core\ICSharpCode.Core.csproj", "{35CEF10F-2D4C-45F2-9DD1-161E0FEC583C}"
EndProject
Project("{FAE04EC0-301F-11D3-BF4B-00C04F79EFBC}") = "ICSharpCode.TextEditor", "Thirdparty\SharpDevelop\ICSharpCode.TextEditor\Project\ICSharpCode.TextEditor.csproj", "{2D18BE89-D210-49EB-A9DD-2246FBB3DF6D}"
EndProject
Project("{FAE04EC0-301F-11D3-BF4B-00C04F79EFBC}") = "SharpMap", "Thirdparty\SharpMap\SharpMap\SharpMap.csproj", "{C83777FC-AABB-47D9-911F-D76255D4D541}"
EndProject
Project("{FAE04EC0-301F-11D3-BF4B-00C04F79EFBC}") = "SharpMap.UI", "Thirdparty\SharpMap\SharpMap.UI\SharpMap.UI.csproj", "{DD1CC1DB-4BF9-4C88-A100-733D84795F3A}"
EndProject
Project("{9A19103F-16F7-4668-BE54-9A1E7A4F7556}") = "FdoToolbox.Core", "FdoToolbox.Core\FdoToolbox.Core.csproj", "{5E4DBA95-DFCD-4D11-B3B6-6D4FE340895A}"
EndProject
Project("{9A19103F-16F7-4668-BE54-9A1E7A4F7556}") = "FdoToolbox.Base", "FdoToolbox.Base\FdoToolbox.Base.csproj", "{281D7AB2-3922-4304-8519-2F35F731D968}"
EndProject
Project("{9A19103F-16F7-4668-BE54-9A1E7A4F7556}") = "FdoToolbox.Express", "FdoToolbox.Express\FdoToolbox.Express.csproj", "{FCBDE374-3E5A-40CF-A2C3-BE70B00B0305}"
EndProject
Project("{9A19103F-16F7-4668-BE54-9A1E7A4F7556}") = "FdoToolbox.DataStoreManager", "FdoToolbox.DataStoreManager\FdoToolbox.DataStoreManager.csproj", "{DD0E0051-DE39-40CB-B275-C8D20A13A331}"
EndProject
Project("{9A19103F-16F7-4668-BE54-9A1E7A4F7556}") = "FdoToolbox.Raster", "FdoToolbox.Raster\FdoToolbox.Raster.csproj", "{4BCBB3C2-FDEC-4B74-ACA6-E33E9965B336}"
EndProject
Project("{9A19103F-16F7-4668-BE54-9A1E7A4F7556}") = "FdoToolbox.AddInManager", "FdoToolbox.AddInManager\FdoToolbox.AddInManager.csproj", "{5329A30E-63A8-4D4F-932C-986BF7407877}"
EndProject
Project("{9A19103F-16F7-4668-BE54-9A1E7A4F7556}") = "FdoToolbox.Tasks", "FdoToolbox.Tasks\FdoToolbox.Tasks.csproj", "{A8F3CDA6-21B6-4C6D-8B1B-5FC7654C16C2}"
EndProject
Project("{9A19103F-16F7-4668-BE54-9A1E7A4F7556}") = "FdoToolbox", "FdoToolbox\FdoToolbox.csproj", "{70CD6266-24A8-464D-93F4-0E1801F0439D}"
EndProject
Project("{9A19103F-16F7-4668-BE54-9A1E7A4F7556}") = "FdoCmd", "FdoCmd\FdoCmd.csproj", "{D0ED28ED-5E6D-40F2-959D-FF7FC7E2A842}"
EndProject
Global
	GlobalSection(SolutionConfigurationPlatforms) = preSolution
		Debug|x64 = Debug|x64
		Release|x64 = Release|x64
	EndGlobalSection
	GlobalSection(ProjectConfigurationPlatforms) = postSolution
		{35CEF10F-2D4C-45F2-9DD1-161E0FEC583C}.Debug|x64.ActiveCfg = Debug|Any CPU
		{35CEF10F-2D4C-45F2-9DD1-161E0FEC583C}.Debug|x64.Build.0 = Debug|Any CPU
		{35CEF10F-2D4C-45F2-9DD1-161E0FEC583C}.Release|x64.ActiveCfg = Release|Any CPU
		{35CEF10F-2D4C-45F2-9DD1-161E0FEC583C}.Release|x64.Build.0 = Release|Any CPU
		{2D18BE89-D210-49EB-A9DD-2246FBB3DF6D}.Debug|x64.ActiveCfg = Debug|Any CPU
		{2D18BE89-D210-49EB-A9DD-2246FBB3DF6D}.Debug|x64.Build.0 = Debug|Any CPU
		{2D18BE89-D210-49EB-A9DD-2246FBB3DF6D}.Release|x64.ActiveCfg = Release|Any CPU
		{2D18BE89-D210-49EB-A9DD-2246FBB3DF6D}.Release|x64.Build.0 = Release|Any CPU
		{C83777FC-AABB-47D9-911F-D76255D4D541}.Debug|x64.ActiveCfg = Debug|Any CPU
		{C83777FC-AABB-47D9-911F-D76255D4D541}.Debug|x64.Build.0 = Debug|Any CPU
		{C83777FC-AABB-47D9-911F-D76255D4D541}.Release|x64.ActiveCfg = Release|Any CPU
		{C83777FC-AABB-47D9-911F-D76255D4D541}.Release|x64.Build.0 = Release|Any CPU
		{DD1CC1DB-4BF9-4C88-A100-733D84795F3A}.Debug|x64.ActiveCfg = Debug|Any CPU
		{DD1CC1DB-4BF9-4C88-A100-733D84795F3A}.Debug|x64.Build.0 = Debug|Any CPU
		{DD1CC1DB-4BF9-4C88-A100-733D84795F3A}.Release|x64.ActiveCfg = Release|Any CPU
		{DD1CC1DB-4BF9-4C88-A100-733D84795F3A}.Release|x64.Build.0 = Release|Any CPU
		{5E4DBA95-DFCD-4D11-B3B6-6D4FE340895A}.Debug|x64.ActiveCfg = Debug|Any CPU
		{5E4DBA95-DFCD-4D11-B3B6-6D4FE340895A}.Debug|x64.Build.0 = Debug|Any CPU
		{5E4DBA95-DFCD-4D11-B3B6-6D4FE340895A}.Release|x64.ActiveCfg = Release|Any CPU
		{5E4DBA95-DFCD-4D11-B3B6-6D4FE340895A}.Release|x64.Build.0 = Release|Any CPU
		{281D7AB2-3922-4304-8519-2F35F731D968}.Debug|x64.ActiveCfg = Debug|Any CPU
		{281D7AB2-3922-4304-8519-2F35F731D968}.Debug|x64.Build.0 = Debug|Any CPU
		{281D7AB2-3922-4304-8519-2F35F731D968}.Release|x64.ActiveCfg = Release|Any CPU
		{281D7AB2-3922-4304-8519-2F35F731D968}.Release|x64.Build.0 = Release|Any CPU
		{FCBDE374-3E5A-40CF-A2C3-BE70B00B0305}.Debug|x64.ActiveCfg = Debug|Any CPU
		{FCBDE374-3E5A-40CF-A2C3-BE70B00B0305}.Debug|x64.Build.0 = Debug|Any CPU
		{FCBDE374-3E5A-40CF-A2C3-BE70B00B0305}.Release|x64.ActiveCfg = Release|Any CPU
		{FCBDE374-3E5A-40CF-A2C3-BE70B00B0305}.Release|x64.Build.0 = Release|Any CPU
		{DD0E0051-DE39-40CB-B275-C8D20A13A331}.Debug|x64.ActiveCfg = Debug|Any CPU
		{DD0E0051-DE39-40CB-B275-C8D20A13A331}.Debug|x64.Build.0 = Debug|Any CPU
		{DD0E0051-DE39-40CB-B275-C8D20A13A331}.Release|x64.ActiveCfg = Release|Any CPU
		{DD0E0051-DE39-40CB-B275-C8D20A13A331}.Release|x64.Build.0 = Release|Any CPU
		{4BCBB3C2-FDEC-4B74-ACA6-E33E9965B336}.Debug|x64.ActiveCfg = Debug|Any CPU
		{4BCBB3C2-FDEC-4B74-ACA6-E33E9965B336}.Debug|x64.Build.0 = Debug|Any CPU
		{4BCBB3C2-FDEC-4B74-ACA6-E33E9965B336}.Release|x64.ActiveCfg = Release|Any CPU
		{4BCBB3C2-FDEC-4B74-ACA6-E33E9965B336}.Release|x64.Build.0 = Release|Any CPU
		{5329A30E-63A8-4D4F-932C-986BF7407877}.Debug|x64.ActiveCfg = Debug|Any CPU
		{5329A30E-63A8-4D4F-932C-986BF7407877}.Debug|x64.Build.0 = Debug|Any CPU
		{5329A30E-63A8-4D4F-932C-986BF7407877}.Release|x64.ActiveCfg = Release|Any CPU
		{5329A30E-63A8-4D4F-932C-986BF7407877}.Release|x64.Build.0 = Release|Any CPU
		{A8F3CDA6-21B6-4C6D-8B1B-5FC7654C16C2}.Debug|x64.ActiveCfg = Debug|Any CPU
		{A8F3CDA6-21B6-4C6D-8B1B-5FC7654C16C2}.Debug|x64.Build.0 = Debug|Any CPU
		{A8F3CDA6-21B6-4C6D-8B1B-5FC7654C16C2}.Release|x64.ActiveCfg = Release|Any CPU
		{A8F3CDA6-21B6-4C6D-8B1B-5FC7654C16C2}.Release|x64.Build.0 = Release|Any CPU
		{70CD6266-24A8-464D-93F4-0E1801F0439D}.Debug|x64.ActiveCfg = Debug|Any CPU
		{70CD6266-24A8-464D-93F4-0E1801F0439D}.Debug|x64.Build.0 = Debug|Any CPU
		{70CD6266-24A8-464D-93F4-0E1801F0439D}.Release|x64.ActiveCfg = Release|Any CPU
		{70CD6266-24A8-464D-93F4-0E1801F0439D}.Release|x64.Build.0 = Release|Any CPU
		{D0ED28ED-5E6D-40F2-959D-FF7FC7E2A842}.Debug|x64.ActiveCfg = Debug|Any CPU
		{D0ED28ED-5E6D-40F2-959D-FF7FC7E2A842}.Debug|x64.Build.0 = Debug|Any CPU
		{D0ED28ED-5E6D-40F2-959D-FF7FC7E2A842}.Release|x64.ActiveCfg = Release|Any CPU
		{D0ED28ED-5E6D-40F2-959D-FF7FC7E2A842}.Release|x64.Build.0 = Release|Any CPU
	EndGlobalSection
	GlobalSection(SolutionProperties) = preSolution
		HideSolutionNode = FALSE
	EndGlobalSection
	GlobalSection(ExtensibilityGlobals) = postSolution
		SolutionGuid = {87C53788-F8B1-478A-9943-5E643C3B88B7}
	EndGlobalSection
	GlobalSection(TextTemplating) = postSolution
		TextTemplating = 1
	EndGlobalSection
EndGlobal
